
Microsoft Visual Studio Solution File, Format Version 12.00
Project("{FAE04EC0-301F-11D3-BF4B-00C04F79EFBC}") = "VideoUploadServiceTool", "VideoUploadServiceTool\VideoUploadServiceTool.csproj", "{AC0EF4A9-303F-457C-8515-0A288AA24E7C}"
EndProject
Global
	GlobalSection(SolutionConfigurationPlatforms) = preSolution
		Debug|Any CPU = Debug|Any CPU
		Release|Any CPU = Release|Any CPU
	EndGlobalSection
	GlobalSection(ProjectConfigurationPlatforms) = postSolution
		{AC0EF4A9-303F-457C-8515-0A288AA24E7C}.Debug|Any CPU.ActiveCfg = Debug|Any CPU
		{AC0EF4A9-303F-457C-8515-0A288AA24E7C}.Debug|Any CPU.Build.0 = Debug|Any CPU
		{AC0EF4A9-303F-457C-8515-0A288AA24E7C}.Release|Any CPU.ActiveCfg = Release|Any CPU
		{AC0EF4A9-303F-457C-8515-0A288AA24E7C}.Release|Any CPU.Build.0 = Release|Any CPU
	EndGlobalSection
EndGlobal
